
Microsoft Visual Studio Solution File, Format Version 12.00
# Visual Studio 14
VisualStudioVersion = 14.0.25420.1
MinimumVisualStudioVersion = 10.0.40219.1
Project("{FAE04EC0-301F-11D3-BF4B-00C04F79EFBC}") = "SistemaFacturacion", "SistemaFacturacion\SistemaFacturacion.csproj", "{EF3C2660-541A-4312-9E75-9403B8910501}"
EndProject
Project("{54435603-DBB4-11D2-8724-00A0C9A8B90C}") = "Setup", "Setup\Setup.vdproj", "{CE6AF26E-475C-4A79-AC36-97A13EAA867D}"
EndProject
Global
	GlobalSection(SolutionConfigurationPlatforms) = preSolution
		Debug|Any CPU = Debug|Any CPU
		Release|Any CPU = Release|Any CPU
	EndGlobalSection
	GlobalSection(ProjectConfigurationPlatforms) = postSolution
		{EF3C2660-541A-4312-9E75-9403B8910501}.Debug|Any CPU.ActiveCfg = Debug|Any CPU
		{EF3C2660-541A-4312-9E75-9403B8910501}.Debug|Any CPU.Build.0 = Debug|Any CPU
		{EF3C2660-541A-4312-9E75-9403B8910501}.Release|Any CPU.ActiveCfg = Release|Any CPU
		{EF3C2660-541A-4312-9E75-9403B8910501}.Release|Any CPU.Build.0 = Release|Any CPU
		{CE6AF26E-475C-4A79-AC36-97A13EAA867D}.Debug|Any CPU.ActiveCfg = Debug
		{CE6AF26E-475C-4A79-AC36-97A13EAA867D}.Release|Any CPU.ActiveCfg = Release
	EndGlobalSection
	GlobalSection(SolutionProperties) = preSolution
		HideSolutionNode = FALSE
	EndGlobalSection
EndGlobal
